
Microsoft Visual Studio Solution File, Format Version 12.00
# Visual Studio Version 17
VisualStudioVersion = 17.7.34024.191
MinimumVisualStudioVersion = 10.0.40219.1
Project("{9A19103F-16F7-4668-BE54-9A1E7A4F7556}") = "Entities", "Entities\Entities.csproj", "{0FB9DF9D-5957-4A17-BAB9-BC2C0EC52776}"
EndProject
Project("{9A19103F-16F7-4668-BE54-9A1E7A4F7556}") = "DataAccess", "DataAccess\DataAccess.csproj", "{D6DD1F19-A721-4CBE-8ACD-3FEE102DE318}"
EndProject
Project("{9A19103F-16F7-4668-BE54-9A1E7A4F7556}") = "Business", "Business\Business.csproj", "{1B41D362-AF7A-4238-9925-A66080957F50}"
EndProject
Project("{9A19103F-16F7-4668-BE54-9A1E7A4F7556}") = "Console", "Console\Console.csproj", "{F3008995-4D8E-4FFE-AEEE-D74A868BF64A}"
EndProject
Project("{FAE04EC0-301F-11D3-BF4B-00C04F79EFBC}") = "Core", "Core\Core.csproj", "{9C69E72F-66DC-4A06-9B45-1E5E775DF6BB}"
EndProject
Global
	GlobalSection(SolutionConfigurationPlatforms) = preSolution
		Debug|Any CPU = Debug|Any CPU
		Release|Any CPU = Release|Any CPU
	EndGlobalSection
	GlobalSection(ProjectConfigurationPlatforms) = postSolution
		{0FB9DF9D-5957-4A17-BAB9-BC2C0EC52776}.Debug|Any CPU.ActiveCfg = Debug|Any CPU
		{0FB9DF9D-5957-4A17-BAB9-BC2C0EC52776}.Debug|Any CPU.Build.0 = Debug|Any CPU
		{0FB9DF9D-5957-4A17-BAB9-BC2C0EC52776}.Release|Any CPU.ActiveCfg = Release|Any CPU
		{0FB9DF9D-5957-4A17-BAB9-BC2C0EC52776}.Release|Any CPU.Build.0 = Release|Any CPU
		{D6DD1F19-A721-4CBE-8ACD-3FEE102DE318}.Debug|Any CPU.ActiveCfg = Debug|Any CPU
		{D6DD1F19-A721-4CBE-8ACD-3FEE102DE318}.Debug|Any CPU.Build.0 = Debug|Any CPU
		{D6DD1F19-A721-4CBE-8ACD-3FEE102DE318}.Release|Any CPU.ActiveCfg = Release|Any CPU
		{D6DD1F19-A721-4CBE-8ACD-3FEE102DE318}.Release|Any CPU.Build.0 = Release|Any CPU
		{1B41D362-AF7A-4238-9925-A66080957F50}.Debug|Any CPU.ActiveCfg = Debug|Any CPU
		{1B41D362-AF7A-4238-9925-A66080957F50}.Debug|Any CPU.Build.0 = Debug|Any CPU
		{1B41D362-AF7A-4238-9925-A66080957F50}.Release|Any CPU.ActiveCfg = Release|Any CPU
		{1B41D362-AF7A-4238-9925-A66080957F50}.Release|Any CPU.Build.0 = Release|Any CPU
		{F3008995-4D8E-4FFE-AEEE-D74A868BF64A}.Debug|Any CPU.ActiveCfg = Debug|Any CPU
		{F3008995-4D8E-4FFE-AEEE-D74A868BF64A}.Debug|Any CPU.Build.0 = Debug|Any CPU
		{F3008995-4D8E-4FFE-AEEE-D74A868BF64A}.Release|Any CPU.ActiveCfg = Release|Any CPU
		{F3008995-4D8E-4FFE-AEEE-D74A868BF64A}.Release|Any CPU.Build.0 = Release|Any CPU
		{9C69E72F-66DC-4A06-9B45-1E5E775DF6BB}.Debug|Any CPU.ActiveCfg = Debug|Any CPU
		{9C69E72F-66DC-4A06-9B45-1E5E775DF6BB}.Debug|Any CPU.Build.0 = Debug|Any CPU
		{9C69E72F-66DC-4A06-9B45-1E5E775DF6BB}.Release|Any CPU.ActiveCfg = Release|Any CPU
		{9C69E72F-66DC-4A06-9B45-1E5E775DF6BB}.Release|Any CPU.Build.0 = Release|Any CPU
	EndGlobalSection
	GlobalSection(SolutionProperties) = preSolution
		HideSolutionNode = FALSE
	EndGlobalSection
	GlobalSection(ExtensibilityGlobals) = postSolution
		SolutionGuid = {A5B02F87-67C1-466E-9238-10E9D2C4228B}
	EndGlobalSection
EndGlobal
